
Microsoft Visual Studio Solution File, Format Version 12.00
# Visual Studio Version 17
VisualStudioVersion = 17.10.34928.147
MinimumVisualStudioVersion = 10.0.40219.1
Project("{FAE04EC0-301F-11D3-BF4B-00C04F79EFBC}") = "DEADLOCK ALGORITHM", "DEALBLOCK ALGORITHM\DEADLOCK ALGORITHM.csproj", "{79298850-7216-463F-9F17-E3D2592134DD}"
EndProject
Global
	GlobalSection(SolutionConfigurationPlatforms) = preSolution
		Debug|Any CPU = Debug|Any CPU
		Release|Any CPU = Release|Any CPU
	EndGlobalSection
	GlobalSection(ProjectConfigurationPlatforms) = postSolution
		{79298850-7216-463F-9F17-E3D2592134DD}.Debug|Any CPU.ActiveCfg = Debug|Any CPU
		{79298850-7216-463F-9F17-E3D2592134DD}.Debug|Any CPU.Build.0 = Debug|Any CPU
		{79298850-7216-463F-9F17-E3D2592134DD}.Release|Any CPU.ActiveCfg = Release|Any CPU
		{79298850-7216-463F-9F17-E3D2592134DD}.Release|Any CPU.Build.0 = Release|Any CPU
	EndGlobalSection
	GlobalSection(SolutionProperties) = preSolution
		HideSolutionNode = FALSE
	EndGlobalSection
	GlobalSection(ExtensibilityGlobals) = postSolution
		SolutionGuid = {CC69B0C5-9F8B-40C1-A707-0081452D7650}
	EndGlobalSection
EndGlobal
